// !$*UTF8*$!
{
	archiveVersion = 1;
	classes = {
	};
	objectVersion = 48;
	objects = {

/* Begin PBXBuildFile section */
		66042359203B2C0B00F6C089 /* podfile in Resources */ = {isa = PBXBuildFile; fileRef = 66042358203B2C0B00F6C089 /* podfile */; };
		665F3665203795B200D70CAD /* AppDelegate.swift in Sources */ = {isa = PBXBuildFile; fileRef = 665F3664203795B200D70CAD /* AppDelegate.swift */; };
		665F3667203795B200D70CAD /* MainViewController.swift in Sources */ = {isa = PBXBuildFile; fileRef = 665F3666203795B200D70CAD /* MainViewController.swift */; };
		665F366A203795B200D70CAD /* Main.storyboard in Resources */ = {isa = PBXBuildFile; fileRef = 665F3668203795B200D70CAD /* Main.storyboard */; };
		665F366F203795B200D70CAD /* Assets.xcassets in Resources */ = {isa = PBXBuildFile; fileRef = 665F366E203795B200D70CAD /* Assets.xcassets */; };
		665F3672203795B200D70CAD /* LaunchScreen.storyboard in Resources */ = {isa = PBXBuildFile; fileRef = 665F3670203795B200D70CAD /* LaunchScreen.storyboard */; };
		665F367D203795B200D70CAD /* MakeSenseTestTests.swift in Sources */ = {isa = PBXBuildFile; fileRef = 665F367C203795B200D70CAD /* MakeSenseTestTests.swift */; };
		665F368A203878BF00D70CAD /* FeedViewController.swift in Sources */ = {isa = PBXBuildFile; fileRef = 665F3689203878BF00D70CAD /* FeedViewController.swift */; };
		665F368F203881D400D70CAD /* FeedViewPresenter.swift in Sources */ = {isa = PBXBuildFile; fileRef = 665F368E203881D400D70CAD /* FeedViewPresenter.swift */; };
		665F36932038822300D70CAD /* FeedService.swift in Sources */ = {isa = PBXBuildFile; fileRef = 665F36922038822300D70CAD /* FeedService.swift */; };
		665F36942038822300D70CAD /* FeedService.swift in Sources */ = {isa = PBXBuildFile; fileRef = 665F36922038822300D70CAD /* FeedService.swift */; };
		665F36972039D6BB00D70CAD /* Feed.swift in Sources */ = {isa = PBXBuildFile; fileRef = 665F36962039D6BB00D70CAD /* Feed.swift */; };
		665F369B2039D6F300D70CAD /* Defines.swift in Sources */ = {isa = PBXBuildFile; fileRef = 665F369A2039D6F300D70CAD /* Defines.swift */; };
		665F369C2039D6F300D70CAD /* Defines.swift in Sources */ = {isa = PBXBuildFile; fileRef = 665F369A2039D6F300D70CAD /* Defines.swift */; };
		667E8AC9203A939800A82E45 /* Feed.swift in Sources */ = {isa = PBXBuildFile; fileRef = 665F36962039D6BB00D70CAD /* Feed.swift */; };
		667E8ACF203A945300A82E45 /* Info.plist in Resources */ = {isa = PBXBuildFile; fileRef = 667E8ACE203A945300A82E45 /* Info.plist */; };
		66EBA5A2203A3A6900C90EE1 /* MockNetworkService.swift in Sources */ = {isa = PBXBuildFile; fileRef = 66EBA5A1203A3A6900C90EE1 /* MockNetworkService.swift */; };
		66EBA5A5203A46EE00C90EE1 /* Utils.swift in Sources */ = {isa = PBXBuildFile; fileRef = 66EBA5A4203A46EE00C90EE1 /* Utils.swift */; };
		66EBA5A8203A69E900C90EE1 /* SpecialAddCell.swift in Sources */ = {isa = PBXBuildFile; fileRef = 66EBA5A6203A69E900C90EE1 /* SpecialAddCell.swift */; };
		66EBA5A9203A69E900C90EE1 /* SpecialAddCell.xib in Resources */ = {isa = PBXBuildFile; fileRef = 66EBA5A7203A69E900C90EE1 /* SpecialAddCell.xib */; };
		66EBA5AC203A733900C90EE1 /* SmallCell.swift in Sources */ = {isa = PBXBuildFile; fileRef = 66EBA5AA203A733900C90EE1 /* SmallCell.swift */; };
		66EBA5AD203A733900C90EE1 /* SmallCell.xib in Resources */ = {isa = PBXBuildFile; fileRef = 66EBA5AB203A733900C90EE1 /* SmallCell.xib */; };
		66EBA5B3203A7DCC00C90EE1 /* BannerCell.swift in Sources */ = {isa = PBXBuildFile; fileRef = 66EBA5B1203A7DCC00C90EE1 /* BannerCell.swift */; };
		66EBA5B4203A7DCC00C90EE1 /* BannerCell.xib in Resources */ = {isa = PBXBuildFile; fileRef = 66EBA5B2203A7DCC00C90EE1 /* BannerCell.xib */; };
		66EBA5B7203A81BB00C90EE1 /* RichAddCell.swift in Sources */ = {isa = PBXBuildFile; fileRef = 66EBA5B5203A81BB00C90EE1 /* RichAddCell.swift */; };
		66EBA5B8203A81BB00C90EE1 /* RichAddCell.xib in Resources */ = {isa = PBXBuildFile; fileRef = 66EBA5B6203A81BB00C90EE1 /* RichAddCell.xib */; };
		66FBC044203A032000F062AE /* DetailViewController.swift in Sources */ = {isa = PBXBuildFile; fileRef = 66FBC043203A032000F062AE /* DetailViewController.swift */; };
		EEEE86AE4402DA8CC84A1953 /* Pods_MakeSenseTest.framework in Frameworks */ = {isa = PBXBuildFile; fileRef = B0393B9D2239D75081BFA3C7 /* Pods_MakeSenseTest.framework */; };
/* End PBXBuildFile section */

/* Begin PBXContainerItemProxy section */
		665F3679203795B200D70CAD /* PBXContainerItemProxy */ = {
			isa = PBXContainerItemProxy;
			containerPortal = 665F3659203795B200D70CAD /* Project object */;
			proxyType = 1;
			remoteGlobalIDString = 665F3660203795B200D70CAD;
			remoteInfo = MakeSenseTest;
		};
/* End PBXContainerItemProxy section */

/* Begin PBXFileReference section */
		41F9003464D7691118FD1318 /* Pods-MakeSenseTest.debug.xcconfig */ = {isa = PBXFileReference; includeInIndex = 1; lastKnownFileType = text.xcconfig; name = "Pods-MakeSenseTest.debug.xcconfig"; path = "Pods/Target Support Files/Pods-MakeSenseTest/Pods-MakeSenseTest.debug.xcconfig"; sourceTree = "<group>"; };
		66042358203B2C0B00F6C089 /* podfile */ = {isa = PBXFileReference; lastKnownFileType = text; path = podfile; sourceTree = "<group>"; };
		665F3661203795B200D70CAD /* MakeSenseTest.app */ = {isa = PBXFileReference; explicitFileType = wrapper.application; includeInIndex = 0; path = MakeSenseTest.app; sourceTree = BUILT_PRODUCTS_DIR; };
		665F3664203795B200D70CAD /* AppDelegate.swift */ = {isa = PBXFileReference; lastKnownFileType = sourcecode.swift; path = AppDelegate.swift; sourceTree = "<group>"; };
		665F3666203795B200D70CAD /* MainViewController.swift */ = {isa = PBXFileReference; lastKnownFileType = sourcecode.swift; path = MainViewController.swift; sourceTree = "<group>"; };
		665F3669203795B200D70CAD /* Base */ = {isa = PBXFileReference; lastKnownFileType = file.storyboard; name = Base; path = Base.lproj/Main.storyboard; sourceTree = "<group>"; };
		665F366E203795B200D70CAD /* Assets.xcassets */ = {isa = PBXFileReference; lastKnownFileType = folder.assetcatalog; path = Assets.xcassets; sourceTree = "<group>"; };
		665F3671203795B200D70CAD /* Base */ = {isa = PBXFileReference; lastKnownFileType = file.storyboard; name = Base; path = Base.lproj/LaunchScreen.storyboard; sourceTree = "<group>"; };
		665F3678203795B200D70CAD /* MakeSenseTestTests.xctest */ = {isa = PBXFileReference; explicitFileType = wrapper.cfbundle; includeInIndex = 0; path = MakeSenseTestTests.xctest; sourceTree = BUILT_PRODUCTS_DIR; };
		665F367C203795B200D70CAD /* MakeSenseTestTests.swift */ = {isa = PBXFileReference; lastKnownFileType = sourcecode.swift; path = MakeSenseTestTests.swift; sourceTree = "<group>"; };
		665F367E203795B200D70CAD /* Info.plist */ = {isa = PBXFileReference; lastKnownFileType = text.plist.xml; path = Info.plist; sourceTree = "<group>"; };
		665F3689203878BF00D70CAD /* FeedViewController.swift */ = {isa = PBXFileReference; lastKnownFileType = sourcecode.swift; path = FeedViewController.swift; sourceTree = "<group>"; };
		665F368E203881D400D70CAD /* FeedViewPresenter.swift */ = {isa = PBXFileReference; lastKnownFileType = sourcecode.swift; path = FeedViewPresenter.swift; sourceTree = "<group>"; };
		665F36922038822300D70CAD /* FeedService.swift */ = {isa = PBXFileReference; lastKnownFileType = sourcecode.swift; path = FeedService.swift; sourceTree = "<group>"; };
		665F36962039D6BB00D70CAD /* Feed.swift */ = {isa = PBXFileReference; lastKnownFileType = sourcecode.swift; path = Feed.swift; sourceTree = "<group>"; };
		665F369A2039D6F300D70CAD /* Defines.swift */ = {isa = PBXFileReference; lastKnownFileType = sourcecode.swift; path = Defines.swift; sourceTree = "<group>"; };
		667E8ACE203A945300A82E45 /* Info.plist */ = {isa = PBXFileReference; lastKnownFileType = text.plist.xml; path = Info.plist; sourceTree = "<group>"; };
		66EBA5A1203A3A6900C90EE1 /* MockNetworkService.swift */ = {isa = PBXFileReference; lastKnownFileType = sourcecode.swift; name = MockNetworkService.swift; path = Services/MockNetworkService.swift; sourceTree = "<group>"; };
		66EBA5A4203A46EE00C90EE1 /* Utils.swift */ = {isa = PBXFileReference; lastKnownFileType = sourcecode.swift; name = Utils.swift; path = Services/Utils.swift; sourceTree = "<group>"; };
		66EBA5A6203A69E900C90EE1 /* SpecialAddCell.swift */ = {isa = PBXFileReference; lastKnownFileType = sourcecode.swift; path = SpecialAddCell.swift; sourceTree = "<group>"; };
		66EBA5A7203A69E900C90EE1 /* SpecialAddCell.xib */ = {isa = PBXFileReference; lastKnownFileType = file.xib; path = SpecialAddCell.xib; sourceTree = "<group>"; };
		66EBA5AA203A733900C90EE1 /* SmallCell.swift */ = {isa = PBXFileReference; lastKnownFileType = sourcecode.swift; path = SmallCell.swift; sourceTree = "<group>"; };
		66EBA5AB203A733900C90EE1 /* SmallCell.xib */ = {isa = PBXFileReference; lastKnownFileType = file.xib; path = SmallCell.xib; sourceTree = "<group>"; };
		66EBA5B1203A7DCC00C90EE1 /* BannerCell.swift */ = {isa = PBXFileReference; lastKnownFileType = sourcecode.swift; path = BannerCell.swift; sourceTree = "<group>"; };
		66EBA5B2203A7DCC00C90EE1 /* BannerCell.xib */ = {isa = PBXFileReference; lastKnownFileType = file.xib; path = BannerCell.xib; sourceTree = "<group>"; };
		66EBA5B5203A81BB00C90EE1 /* RichAddCell.swift */ = {isa = PBXFileReference; lastKnownFileType = sourcecode.swift; path = RichAddCell.swift; sourceTree = "<group>"; };
		66EBA5B6203A81BB00C90EE1 /* RichAddCell.xib */ = {isa = PBXFileReference; lastKnownFileType = file.xib; path = RichAddCell.xib; sourceTree = "<group>"; };
		66FBC043203A032000F062AE /* DetailViewController.swift */ = {isa = PBXFileReference; lastKnownFileType = sourcecode.swift; path = DetailViewController.swift; sourceTree = "<group>"; };
		B0393B9D2239D75081BFA3C7 /* Pods_MakeSenseTest.framework */ = {isa = PBXFileReference; explicitFileType = wrapper.framework; includeInIndex = 0; path = Pods_MakeSenseTest.framework; sourceTree = BUILT_PRODUCTS_DIR; };
		F0F4E9912AC882BA79727EFC /* Pods-MakeSenseTest.release.xcconfig */ = {isa = PBXFileReference; includeInIndex = 1; lastKnownFileType = text.xcconfig; name = "Pods-MakeSenseTest.release.xcconfig"; path = "Pods/Target Support Files/Pods-MakeSenseTest/Pods-MakeSenseTest.release.xcconfig"; sourceTree = "<group>"; };
/* End PBXFileReference section */

/* Begin PBXFrameworksBuildPhase section */
		665F365E203795B200D70CAD /* Frameworks */ = {
			isa = PBXFrameworksBuildPhase;
			buildActionMask = 2147483647;
			files = (
				EEEE86AE4402DA8CC84A1953 /* Pods_MakeSenseTest.framework in Frameworks */,
			);
			runOnlyForDeploymentPostprocessing = 0;
		};
		665F3675203795B200D70CAD /* Frameworks */ = {
			isa = PBXFrameworksBuildPhase;
			buildActionMask = 2147483647;
			files = (
			);
			runOnlyForDeploymentPostprocessing = 0;
		};
/* End PBXFrameworksBuildPhase section */

/* Begin PBXGroup section */
		665F3658203795B200D70CAD = {
			isa = PBXGroup;
			children = (
				66042358203B2C0B00F6C089 /* podfile */,
				665F3663203795B200D70CAD /* MakeSenseTest */,
				665F367B203795B200D70CAD /* MakeSenseTestTests */,
				665F3662203795B200D70CAD /* Products */,
				A48E14E7C0F5CABAB3594153 /* Pods */,
				8254071B133DEFB4F3326DE3 /* Frameworks */,
			);
			sourceTree = "<group>";
		};
		665F3662203795B200D70CAD /* Products */ = {
			isa = PBXGroup;
			children = (
				665F3661203795B200D70CAD /* MakeSenseTest.app */,
				665F3678203795B200D70CAD /* MakeSenseTestTests.xctest */,
			);
			name = Products;
			sourceTree = "<group>";
		};
		665F3663203795B200D70CAD /* MakeSenseTest */ = {
			isa = PBXGroup;
			children = (
				665F3664203795B200D70CAD /* AppDelegate.swift */,
				665F369A2039D6F300D70CAD /* Defines.swift */,
				66EBA5A0203A3A5100C90EE1 /* Services */,
				665F36992039D6C400D70CAD /* Models */,
				665F36A02039F1D800D70CAD /* Views */,
				665F368B2038807D00D70CAD /* Use Cases */,
				667E8ACE203A945300A82E45 /* Info.plist */,
				66EBA5A3203A3AF100C90EE1 /* Resources */,
			);
			path = MakeSenseTest;
			sourceTree = "<group>";
		};
		665F367B203795B200D70CAD /* MakeSenseTestTests */ = {
			isa = PBXGroup;
			children = (
				665F367C203795B200D70CAD /* MakeSenseTestTests.swift */,
				665F367E203795B200D70CAD /* Info.plist */,
			);
			path = MakeSenseTestTests;
			sourceTree = "<group>";
		};
		665F368B2038807D00D70CAD /* Use Cases */ = {
			isa = PBXGroup;
			children = (
				66FBC042203A030400F062AE /* MainView */,
				665F368C203880EE00D70CAD /* FeedView */,
				66FBC045203A032300F062AE /* DetailView */,
			);
			path = "Use Cases";
			sourceTree = "<group>";
		};
		665F368C203880EE00D70CAD /* FeedView */ = {
			isa = PBXGroup;
			children = (
				665F368D203881AF00D70CAD /* ViewController */,
				665F36952038822800D70CAD /* Service */,
				665F3691203881D800D70CAD /* Presenter */,
			);
			path = FeedView;
			sourceTree = "<group>";
		};
		665F368D203881AF00D70CAD /* ViewController */ = {
			isa = PBXGroup;
			children = (
				665F3689203878BF00D70CAD /* FeedViewController.swift */,
			);
			path = ViewController;
			sourceTree = "<group>";
		};
		665F3691203881D800D70CAD /* Presenter */ = {
			isa = PBXGroup;
			children = (
				665F368E203881D400D70CAD /* FeedViewPresenter.swift */,
			);
			path = Presenter;
			sourceTree = "<group>";
		};
		665F36952038822800D70CAD /* Service */ = {
			isa = PBXGroup;
			children = (
				665F36922038822300D70CAD /* FeedService.swift */,
			);
			path = Service;
			sourceTree = "<group>";
		};
		665F36992039D6C400D70CAD /* Models */ = {
			isa = PBXGroup;
			children = (
				665F36962039D6BB00D70CAD /* Feed.swift */,
				66EBA5A6203A69E900C90EE1 /* SpecialAddCell.swift */,
				66EBA5AA203A733900C90EE1 /* SmallCell.swift */,
				66EBA5B1203A7DCC00C90EE1 /* BannerCell.swift */,
				66EBA5B5203A81BB00C90EE1 /* RichAddCell.swift */,
			);
			path = Models;
			sourceTree = "<group>";
		};
		665F36A02039F1D800D70CAD /* Views */ = {
			isa = PBXGroup;
			children = (
				665F3668203795B200D70CAD /* Main.storyboard */,
				66EBA5A7203A69E900C90EE1 /* SpecialAddCell.xib */,
				66EBA5AB203A733900C90EE1 /* SmallCell.xib */,
				66EBA5B2203A7DCC00C90EE1 /* BannerCell.xib */,
				66EBA5B6203A81BB00C90EE1 /* RichAddCell.xib */,
			);
			path = Views;
			sourceTree = "<group>";
		};
		66EBA5A0203A3A5100C90EE1 /* Services */ = {
			isa = PBXGroup;
			children = (
				66EBA5A1203A3A6900C90EE1 /* MockNetworkService.swift */,
				66EBA5A4203A46EE00C90EE1 /* Utils.swift */,
			);
			name = Services;
			sourceTree = "<group>";
		};
		66EBA5A3203A3AF100C90EE1 /* Resources */ = {
			isa = PBXGroup;
			children = (
				665F366E203795B200D70CAD /* Assets.xcassets */,
				665F3670203795B200D70CAD /* LaunchScreen.storyboard */,
			);
			path = Resources;
			sourceTree = "<group>";
		};
		66FBC042203A030400F062AE /* MainView */ = {
			isa = PBXGroup;
			children = (
				665F3666203795B200D70CAD /* MainViewController.swift */,
			);
			name = MainView;
			sourceTree = "<group>";
		};
		66FBC045203A032300F062AE /* DetailView */ = {
			isa = PBXGroup;
			children = (
				66FBC046203A036400F062AE /* ViewController */,
			);
			path = DetailView;
			sourceTree = "<group>";
		};
		66FBC046203A036400F062AE /* ViewController */ = {
			isa = PBXGroup;
			children = (
				66FBC043203A032000F062AE /* DetailViewController.swift */,
			);
			name = ViewController;
			sourceTree = "<group>";
		};
		8254071B133DEFB4F3326DE3 /* Frameworks */ = {
			isa = PBXGroup;
			children = (
				B0393B9D2239D75081BFA3C7 /* Pods_MakeSenseTest.framework */,
			);
			name = Frameworks;
			sourceTree = "<group>";
		};
		A48E14E7C0F5CABAB3594153 /* Pods */ = {
			isa = PBXGroup;
			children = (
				41F9003464D7691118FD1318 /* Pods-MakeSenseTest.debug.xcconfig */,
				F0F4E9912AC882BA79727EFC /* Pods-MakeSenseTest.release.xcconfig */,
			);
			name = Pods;
			sourceTree = "<group>";
		};
/* End PBXGroup section */

/* Begin PBXNativeTarget section */
		665F3660203795B200D70CAD /* MakeSenseTest */ = {
			isa = PBXNativeTarget;
			buildConfigurationList = 665F3681203795B200D70CAD /* Build configuration list for PBXNativeTarget "MakeSenseTest" */;
			buildPhases = (
				46B4C70CF1128439B7CFCA98 /* [CP] Check Pods Manifest.lock */,
				665F365D203795B200D70CAD /* Sources */,
				665F365E203795B200D70CAD /* Frameworks */,
				665F365F203795B200D70CAD /* Resources */,
				9E1954C1DD90B3C58B90219E /* [CP] Embed Pods Frameworks */,
				AE81308AFC63B6D714F7651F /* [CP] Copy Pods Resources */,
			);
			buildRules = (
			);
			dependencies = (
			);
			name = MakeSenseTest;
			productName = MakeSenseTest;
			productReference = 665F3661203795B200D70CAD /* MakeSenseTest.app */;
			productType = "com.apple.product-type.application";
		};
		665F3677203795B200D70CAD /* MakeSenseTestTests */ = {
			isa = PBXNativeTarget;
			buildConfigurationList = 665F3684203795B200D70CAD /* Build configuration list for PBXNativeTarget "MakeSenseTestTests" */;
			buildPhases = (
				665F3674203795B200D70CAD /* Sources */,
				665F3675203795B200D70CAD /* Frameworks */,
				665F3676203795B200D70CAD /* Resources */,
			);
			buildRules = (
			);
			dependencies = (
				665F367A203795B200D70CAD /* PBXTargetDependency */,
			);
			name = MakeSenseTestTests;
			productName = MakeSenseTestTests;
			productReference = 665F3678203795B200D70CAD /* MakeSenseTestTests.xctest */;
			productType = "com.apple.product-type.bundle.unit-test";
		};
/* End PBXNativeTarget section */

/* Begin PBXProject section */
		665F3659203795B200D70CAD /* Project object */ = {
			isa = PBXProject;
			attributes = {
				LastSwiftUpdateCheck = 0920;
				LastUpgradeCheck = 0920;
				ORGANIZATIONNAME = MakeSense;
				TargetAttributes = {
					665F3660203795B200D70CAD = {
						CreatedOnToolsVersion = 9.2;
						ProvisioningStyle = Automatic;
					};
					665F3677203795B200D70CAD = {
						CreatedOnToolsVersion = 9.2;
						ProvisioningStyle = Automatic;
						TestTargetID = 665F3660203795B200D70CAD;
					};
				};
			};
			buildConfigurationList = 665F365C203795B200D70CAD /* Build configuration list for PBXProject "MakeSenseTest" */;
			compatibilityVersion = "Xcode 8.0";
			developmentRegion = en;
			hasScannedForEncodings = 0;
			knownRegions = (
				en,
				Base,
			);
			mainGroup = 665F3658203795B200D70CAD;
			productRefGroup = 665F3662203795B200D70CAD /* Products */;
			projectDirPath = "";
			projectRoot = "";
			targets = (
				665F3660203795B200D70CAD /* MakeSenseTest */,
				665F3677203795B200D70CAD /* MakeSenseTestTests */,
			);
		};
/* End PBXProject section */

/* Begin PBXResourcesBuildPhase section */
		665F365F203795B200D70CAD /* Resources */ = {
			isa = PBXResourcesBuildPhase;
			buildActionMask = 2147483647;
			files = (
				667E8ACF203A945300A82E45 /* Info.plist in Resources */,
				665F3672203795B200D70CAD /* LaunchScreen.storyboard in Resources */,
				66EBA5AD203A733900C90EE1 /* SmallCell.xib in Resources */,
				66042359203B2C0B00F6C089 /* podfile in Resources */,
				665F366F203795B200D70CAD /* Assets.xcassets in Resources */,
				66EBA5B8203A81BB00C90EE1 /* RichAddCell.xib in Resources */,
				66EBA5A9203A69E900C90EE1 /* SpecialAddCell.xib in Resources */,
				665F366A203795B200D70CAD /* Main.storyboard in Resources */,
				66EBA5B4203A7DCC00C90EE1 /* BannerCell.xib in Resources */,
			);
			runOnlyForDeploymentPostprocessing = 0;
		};
		665F3676203795B200D70CAD /* Resources */ = {
			isa = PBXResourcesBuildPhase;
			buildActionMask = 2147483647;
			files = (
			);
			runOnlyForDeploymentPostprocessing = 0;
		};
/* End PBXResourcesBuildPhase section */

/* Begin PBXShellScriptBuildPhase section */
		46B4C70CF1128439B7CFCA98 /* [CP] Check Pods Manifest.lock */ = {
			isa = PBXShellScriptBuildPhase;
			buildActionMask = 2147483647;
			files = (
			);
			inputPaths = (
				"${PODS_PODFILE_DIR_PATH}/Podfile.lock",
				"${PODS_ROOT}/Manifest.lock",
			);
			name = "[CP] Check Pods Manifest.lock";
			outputPaths = (
				"$(DERIVED_FILE_DIR)/Pods-MakeSenseTest-checkManifestLockResult.txt",
			);
			runOnlyForDeploymentPostprocessing = 0;
			shellPath = /bin/sh;
			shellScript = "diff \"${PODS_PODFILE_DIR_PATH}/Podfile.lock\" \"${PODS_ROOT}/Manifest.lock\" > /dev/null\nif [ $? != 0 ] ; then\n    # print error to STDERR\n    echo \"error: The sandbox is not in sync with the Podfile.lock. Run 'pod install' or update your CocoaPods installation.\" >&2\n    exit 1\nfi\n# This output is used by Xcode 'outputs' to avoid re-running this script phase.\necho \"SUCCESS\" > \"${SCRIPT_OUTPUT_FILE_0}\"\n";
			showEnvVarsInLog = 0;
		};
		9E1954C1DD90B3C58B90219E /* [CP] Embed Pods Frameworks */ = {
			isa = PBXShellScriptBuildPhase;
			buildActionMask = 2147483647;
			files = (
			);
			inputPaths = (
				"${SRCROOT}/Pods/Target Support Files/Pods-MakeSenseTest/Pods-MakeSenseTest-frameworks.sh",
				"${BUILT_PRODUCTS_DIR}/pop/pop.framework",
			);
			name = "[CP] Embed Pods Frameworks";
			outputPaths = (
				"${TARGET_BUILD_DIR}/${FRAMEWORKS_FOLDER_PATH}/pop.framework",
			);
			runOnlyForDeploymentPostprocessing = 0;
			shellPath = /bin/sh;
			shellScript = "\"${SRCROOT}/Pods/Target Support Files/Pods-MakeSenseTest/Pods-MakeSenseTest-frameworks.sh\"\n";
			showEnvVarsInLog = 0;
		};
		AE81308AFC63B6D714F7651F /* [CP] Copy Pods Resources */ = {
			isa = PBXShellScriptBuildPhase;
			buildActionMask = 2147483647;
			files = (
			);
			inputPaths = (
			);
			name = "[CP] Copy Pods Resources";
			outputPaths = (
			);
			runOnlyForDeploymentPostprocessing = 0;
			shellPath = /bin/sh;
			shellScript = "\"${SRCROOT}/Pods/Target Support Files/Pods-MakeSenseTest/Pods-MakeSenseTest-resources.sh\"\n";
			showEnvVarsInLog = 0;
		};
/* End PBXShellScriptBuildPhase section */

/* Begin PBXSourcesBuildPhase section */
		665F365D203795B200D70CAD /* Sources */ = {
			isa = PBXSourcesBuildPhase;
			buildActionMask = 2147483647;
			files = (
				66FBC044203A032000F062AE /* DetailViewController.swift in Sources */,
				665F3667203795B200D70CAD /* MainViewController.swift in Sources */,
				665F36972039D6BB00D70CAD /* Feed.swift in Sources */,
				66EBA5B7203A81BB00C90EE1 /* RichAddCell.swift in Sources */,
				66EBA5A5203A46EE00C90EE1 /* Utils.swift in Sources */,
				66EBA5A8203A69E900C90EE1 /* SpecialAddCell.swift in Sources */,
				66EBA5A2203A3A6900C90EE1 /* MockNetworkService.swift in Sources */,
				665F36932038822300D70CAD /* FeedService.swift in Sources */,
				665F368A203878BF00D70CAD /* FeedViewController.swift in Sources */,
				665F369B2039D6F300D70CAD /* Defines.swift in Sources */,
				665F3665203795B200D70CAD /* AppDelegate.swift in Sources */,
				66EBA5AC203A733900C90EE1 /* SmallCell.swift in Sources */,
				665F368F203881D400D70CAD /* FeedViewPresenter.swift in Sources */,
				66EBA5B3203A7DCC00C90EE1 /* BannerCell.swift in Sources */,
			);
			runOnlyForDeploymentPostprocessing = 0;
		};
		665F3674203795B200D70CAD /* Sources */ = {
			isa = PBXSourcesBuildPhase;
			buildActionMask = 2147483647;
			files = (
				665F367D203795B200D70CAD /* MakeSenseTestTests.swift in Sources */,
				667E8AC9203A939800A82E45 /* Feed.swift in Sources */,
				665F36942038822300D70CAD /* FeedService.swift in Sources */,
				665F369C2039D6F300D70CAD /* Defines.swift in Sources */,
			);
			runOnlyForDeploymentPostprocessing = 0;
		};
/* End PBXSourcesBuildPhase section */

/* Begin PBXTargetDependency section */
		665F367A203795B200D70CAD /* PBXTargetDependency */ = {
			isa = PBXTargetDependency;
			target = 665F3660203795B200D70CAD /* MakeSenseTest */;
			targetProxy = 665F3679203795B200D70CAD /* PBXContainerItemProxy */;
		};
/* End PBXTargetDependency section */

/* Begin PBXVariantGroup section */
		665F3668203795B200D70CAD /* Main.storyboard */ = {
			isa = PBXVariantGroup;
			children = (
				665F3669203795B200D70CAD /* Base */,
			);
			name = Main.storyboard;
			sourceTree = "<group>";
		};
		665F3670203795B200D70CAD /* LaunchScreen.storyboard */ = {
			isa = PBXVariantGroup;
			children = (
				665F3671203795B200D70CAD /* Base */,
			);
			name = LaunchScreen.storyboard;
			sourceTree = "<group>";
		};
/* End PBXVariantGroup section */

/* Begin XCBuildConfiguration section */
		665F367F203795B200D70CAD /* Debug */ = {
			isa = XCBuildConfiguration;
			buildSettings = {
				ALWAYS_SEARCH_USER_PATHS = NO;
				CLANG_ANALYZER_NONNULL = YES;
				CLANG_ANALYZER_NUMBER_OBJECT_CONVERSION = YES_AGGRESSIVE;
				CLANG_CXX_LANGUAGE_STANDARD = "gnu++14";
				CLANG_CXX_LIBRARY = "libc++";
				CLANG_ENABLE_MODULES = YES;
				CLANG_ENABLE_OBJC_ARC = YES;
				CLANG_WARN_BLOCK_CAPTURE_AUTORELEASING = YES;
				CLANG_WARN_BOOL_CONVERSION = YES;
				CLANG_WARN_COMMA = YES;
				CLANG_WARN_CONSTANT_CONVERSION = YES;
				CLANG_WARN_DIRECT_OBJC_ISA_USAGE = YES_ERROR;
				CLANG_WARN_DOCUMENTATION_COMMENTS = YES;
				CLANG_WARN_EMPTY_BODY = YES;
				CLANG_WARN_ENUM_CONVERSION = YES;
				CLANG_WARN_INFINITE_RECURSION = YES;
				CLANG_WARN_INT_CONVERSION = YES;
				CLANG_WARN_NON_LITERAL_NULL_CONVERSION = YES;
				CLANG_WARN_OBJC_LITERAL_CONVERSION = YES;
				CLANG_WARN_OBJC_ROOT_CLASS = YES_ERROR;
				CLANG_WARN_RANGE_LOOP_ANALYSIS = YES;
				CLANG_WARN_STRICT_PROTOTYPES = YES;
				CLANG_WARN_SUSPICIOUS_MOVE = YES;
				CLANG_WARN_UNGUARDED_AVAILABILITY = YES_AGGRESSIVE;
				CLANG_WARN_UNREACHABLE_CODE = YES;
				CLANG_WARN__DUPLICATE_METHOD_MATCH = YES;
				CODE_SIGN_IDENTITY = "iPhone Developer";
				COPY_PHASE_STRIP = NO;
				DEBUG_INFORMATION_FORMAT = dwarf;
				ENABLE_STRICT_OBJC_MSGSEND = YES;
				ENABLE_TESTABILITY = YES;
				GCC_C_LANGUAGE_STANDARD = gnu11;
				GCC_DYNAMIC_NO_PIC = NO;
				GCC_NO_COMMON_BLOCKS = YES;
				GCC_OPTIMIZATION_LEVEL = 0;
				GCC_PREPROCESSOR_DEFINITIONS = (
					"DEBUG=1",
					"$(inherited)",
				);
				GCC_WARN_64_TO_32_BIT_CONVERSION = YES;
				GCC_WARN_ABOUT_RETURN_TYPE = YES_ERROR;
				GCC_WARN_UNDECLARED_SELECTOR = YES;
				GCC_WARN_UNINITIALIZED_AUTOS = YES_AGGRESSIVE;
				GCC_WARN_UNUSED_FUNCTION = YES;
				GCC_WARN_UNUSED_VARIABLE = YES;
				IPHONEOS_DEPLOYMENT_TARGET = 11.2;
				MTL_ENABLE_DEBUG_INFO = YES;
				ONLY_ACTIVE_ARCH = YES;
				SDKROOT = iphoneos;
				SWIFT_ACTIVE_COMPILATION_CONDITIONS = DEBUG;
				SWIFT_OPTIMIZATION_LEVEL = "-Onone";
			};
			name = Debug;
		};
		665F3680203795B200D70CAD /* Release */ = {
			isa = XCBuildConfiguration;
			buildSettings = {
				ALWAYS_SEARCH_USER_PATHS = NO;
				CLANG_ANALYZER_NONNULL = YES;
				CLANG_ANALYZER_NUMBER_OBJECT_CONVERSION = YES_AGGRESSIVE;
				CLANG_CXX_LANGUAGE_STANDARD = "gnu++14";
				CLANG_CXX_LIBRARY = "libc++";
				CLANG_ENABLE_MODULES = YES;
				CLANG_ENABLE_OBJC_ARC = YES;
				CLANG_WARN_BLOCK_CAPTURE_AUTORELEASING = YES;
				CLANG_WARN_BOOL_CONVERSION = YES;
				CLANG_WARN_COMMA = YES;
				CLANG_WARN_CONSTANT_CONVERSION = YES;
				CLANG_WARN_DIRECT_OBJC_ISA_USAGE = YES_ERROR;
				CLANG_WARN_DOCUMENTATION_COMMENTS = YES;
				CLANG_WARN_EMPTY_BODY = YES;
				CLANG_WARN_ENUM_CONVERSION = YES;
				CLANG_WARN_INFINITE_RECURSION = YES;
				CLANG_WARN_INT_CONVERSION = YES;
				CLANG_WARN_NON_LITERAL_NULL_CONVERSION = YES;
				CLANG_WARN_OBJC_LITERAL_CONVERSION = YES;
				CLANG_WARN_OBJC_ROOT_CLASS = YES_ERROR;
				CLANG_WARN_RANGE_LOOP_ANALYSIS = YES;
				CLANG_WARN_STRICT_PROTOTYPES = YES;
				CLANG_WARN_SUSPICIOUS_MOVE = YES;
				CLANG_WARN_UNGUARDED_AVAILABILITY = YES_AGGRESSIVE;
				CLANG_WARN_UNREACHABLE_CODE = YES;
				CLANG_WARN__DUPLICATE_METHOD_MATCH = YES;
				CODE_SIGN_IDENTITY = "iPhone Developer";
				COPY_PHASE_STRIP = NO;
				DEBUG_INFORMATION_FORMAT = "dwarf-with-dsym";
				ENABLE_NS_ASSERTIONS = NO;
				ENABLE_STRICT_OBJC_MSGSEND = YES;
				GCC_C_LANGUAGE_STANDARD = gnu11;
				GCC_NO_COMMON_BLOCKS = YES;
				GCC_WARN_64_TO_32_BIT_CONVERSION = YES;
				GCC_WARN_ABOUT_RETURN_TYPE = YES_ERROR;
				GCC_WARN_UNDECLARED_SELECTOR = YES;
				GCC_WARN_UNINITIALIZED_AUTOS = YES_AGGRESSIVE;
				GCC_WARN_UNUSED_FUNCTION = YES;
				GCC_WARN_UNUSED_VARIABLE = YES;
				IPHONEOS_DEPLOYMENT_TARGET = 11.2;
				MTL_ENABLE_DEBUG_INFO = NO;
				SDKROOT = iphoneos;
				SWIFT_OPTIMIZATION_LEVEL = "-Owholemodule";
				VALIDATE_PRODUCT = YES;
			};
			name = Release;
		};
		665F3682203795B200D70CAD /* Debug */ = {
			isa = XCBuildConfiguration;
			baseConfigurationReference = 41F9003464D7691118FD1318 /* Pods-MakeSenseTest.debug.xcconfig */;
			buildSettings = {
				ASSETCATALOG_COMPILER_APPICON_NAME = AppIcon;
				CODE_SIGN_STYLE = Automatic;
				INFOPLIST_FILE = "$(SRCROOT)/MakeSenseTestTests/Info.plist";
				IPHONEOS_DEPLOYMENT_TARGET = 10.0;
				LD_RUNPATH_SEARCH_PATHS = "$(inherited) @executable_path/Frameworks";
				PRODUCT_BUNDLE_IDENTIFIER = MakeSense.MakeSenseTest;
				PRODUCT_NAME = "$(TARGET_NAME)";
				SWIFT_VERSION = 4.0;
				TARGETED_DEVICE_FAMILY = "1,2";
			};
			name = Debug;
		};
		665F3683203795B200D70CAD /* Release */ = {
			isa = XCBuildConfiguration;
			baseConfigurationReference = F0F4E9912AC882BA79727EFC /* Pods-MakeSenseTest.release.xcconfig */;
			buildSettings = {
				ASSETCATALOG_COMPILER_APPICON_NAME = AppIcon;
				CODE_SIGN_STYLE = Automatic;
				INFOPLIST_FILE = "$(SRCROOT)/MakeSenseTestTests/Info.plist";
				IPHONEOS_DEPLOYMENT_TARGET = 10.0;
				LD_RUNPATH_SEARCH_PATHS = "$(inherited) @executable_path/Frameworks";
				PRODUCT_BUNDLE_IDENTIFIER = MakeSense.MakeSenseTest;
				PRODUCT_NAME = "$(TARGET_NAME)";
				SWIFT_VERSION = 4.0;
				TARGETED_DEVICE_FAMILY = "1,2";
			};
			name = Release;
		};
		665F3685203795B200D70CAD /* Debug */ = {
			isa = XCBuildConfiguration;
			buildSettings = {
				ALWAYS_EMBED_SWIFT_STANDARD_LIBRARIES = YES;
				BUNDLE_LOADER = "$(TEST_HOST)";
				CODE_SIGN_STYLE = Automatic;
				INFOPLIST_FILE = MakeSenseTestTests/Info.plist;
				LD_RUNPATH_SEARCH_PATHS = "$(inherited) @executable_path/Frameworks @loader_path/Frameworks";
				PRODUCT_BUNDLE_IDENTIFIER = MakeSense.MakeSenseTestTests;
				PRODUCT_NAME = "$(TARGET_NAME)";
				SWIFT_VERSION = 4.0;
				TARGETED_DEVICE_FAMILY = "1,2";
				TEST_HOST = "$(BUILT_PRODUCTS_DIR)/MakeSenseTest.app/MakeSenseTest";
			};
			name = Debug;
		};
		665F3686203795B200D70CAD /* Release */ = {
			isa = XCBuildConfiguration;
			buildSettings = {
				ALWAYS_EMBED_SWIFT_STANDARD_LIBRARIES = YES;
				BUNDLE_LOADER = "$(TEST_HOST)";
				CODE_SIGN_STYLE = Automatic;
				INFOPLIST_FILE = MakeSenseTestTests/Info.plist;
				LD_RUNPATH_SEARCH_PATHS = "$(inherited) @executable_path/Frameworks @loader_path/Frameworks";
				PRODUCT_BUNDLE_IDENTIFIER = MakeSense.MakeSenseTestTests;
				PRODUCT_NAME = "$(TARGET_NAME)";
				SWIFT_VERSION = 4.0;
				TARGETED_DEVICE_FAMILY = "1,2";
				TEST_HOST = "$(BUILT_PRODUCTS_DIR)/MakeSenseTest.app/MakeSenseTest";
			};
			name = Release;
		};
/* End XCBuildConfiguration section */

/* Begin XCConfigurationList section */
		665F365C203795B200D70CAD /* Build configuration list for PBXProject "MakeSenseTest" */ = {
			isa = XCConfigurationList;
			buildConfigurations = (
				665F367F203795B200D70CAD /* Debug */,
				665F3680203795B200D70CAD /* Release */,
			);
			defaultConfigurationIsVisible = 0;
			defaultConfigurationName = Release;
		};
		665F3681203795B200D70CAD /* Build configuration list for PBXNativeTarget "MakeSenseTest" */ = {
			isa = XCConfigurationList;
			buildConfigurations = (
				665F3682203795B200D70CAD /* Debug */,
				665F3683203795B200D70CAD /* Release */,
			);
			defaultConfigurationIsVisible = 0;
			defaultConfigurationName = Release;
		};
		665F3684203795B200D70CAD /* Build configuration list for PBXNativeTarget "MakeSenseTestTests" */ = {
			isa = XCConfigurationList;
			buildConfigurations = (
				665F3685203795B200D70CAD /* Debug */,
				665F3686203795B200D70CAD /* Release */,
			);
			defaultConfigurationIsVisible = 0;
			defaultConfigurationName = Release;
		};
/* End XCConfigurationList section */
	};
	rootObject = 665F3659203795B200D70CAD /* Project object */;
}
